// !$*UTF8*$!
{
	archiveVersion = 1;
	classes = {
	};
	objectVersion = 42;
	objects = {

/* Begin PBXBuildFile section */
		8DD76F770486A8DE00D96B5E /* main.c in Sources */ = {isa = PBXBuildFile; fileRef = 08FB7796FE84155DC02AAC07 /* main.c */; settings = {ATTRIBUTES = (); }; };
		8DD76F790486A8DE00D96B5E /* CoreFoundation.framework in Frameworks */ = {isa = PBXBuildFile; fileRef = 09AB6884FE841BABC02AAC07 /* CoreFoundation.framework */; };
		8DD76F7C0486A8DE00D96B5E /* freezer.1 in CopyFiles */ = {isa = PBXBuildFile; fileRef = C6859E970290921104C91782 /* freezer.1 */; };
		9C31F2BF1D7C605D006021B5 /* freezer.h in CopyFiles */ = {isa = PBXBuildFile; fileRef = 9C31F2BE1D7C605D006021B5 /* freezer.h */; };
		9CB3D4751D708C050045D8B5 /* I2CUserClient.h in CopyFiles */ = {isa = PBXBuildFile; fileRef = 9CB3D4741D708C050045D8B5 /* I2CUserClient.h */; };
		9CB3D47F1D708C520045D8B5 /* IOKit.framework in Frameworks */ = {isa = PBXBuildFile; fileRef = 9CB3D47E1D708C520045D8B5 /* IOKit.framework */; };
		9CCD8B041D743CE6001328D7 /* IOI2C.c in Sources */ = {isa = PBXBuildFile; fileRef = 9CCD8B021D743CE6001328D7 /* IOI2C.c */; };
		9CCD8B051D743CE6001328D7 /* IOI2C.h in CopyFiles */ = {isa = PBXBuildFile; fileRef = 9CCD8B031D743CE6001328D7 /* IOI2C.h */; };
		9CCD8B731D7442C1001328D7 /* IOI2CDefs.h in CopyFiles */ = {isa = PBXBuildFile; fileRef = 9CCD8B721D7442C1001328D7 /* IOI2CDefs.h */; };
		9CF60E921D73C7870066AAAB /* ADT746x.h in CopyFiles */ = {isa = PBXBuildFile; fileRef = 9CF60E911D73C7870066AAAB /* ADT746x.h */; };
/* End PBXBuildFile section */

/* Begin PBXCopyFilesBuildPhase section */
		8DD76F7B0486A8DE00D96B5E /* CopyFiles */ = {
			isa = PBXCopyFilesBuildPhase;
			buildActionMask = 8;
			dstPath = /usr/share/man/man1/;
			dstSubfolderSpec = 0;
			files = (
				8DD76F7C0486A8DE00D96B5E /* freezer.1 in CopyFiles */,
				9CB3D4751D708C050045D8B5 /* I2CUserClient.h in CopyFiles */,
				9CF60E921D73C7870066AAAB /* ADT746x.h in CopyFiles */,
				9CCD8B051D743CE6001328D7 /* IOI2C.h in CopyFiles */,
				9CCD8B731D7442C1001328D7 /* IOI2CDefs.h in CopyFiles */,
				9C31F2BF1D7C605D006021B5 /* freezer.h in CopyFiles */,
			);
			runOnlyForDeploymentPostprocessing = 1;
		};
/* End PBXCopyFilesBuildPhase section */

/* Begin PBXFileReference section */
		08FB7796FE84155DC02AAC07 /* main.c */ = {isa = PBXFileReference; fileEncoding = 4; lastKnownFileType = sourcecode.c.c; path = main.c; sourceTree = "<group>"; };
		09AB6884FE841BABC02AAC07 /* CoreFoundation.framework */ = {isa = PBXFileReference; lastKnownFileType = wrapper.framework; name = CoreFoundation.framework; path = /System/Library/Frameworks/CoreFoundation.framework; sourceTree = "<absolute>"; };
		8DD76F7E0486A8DE00D96B5E /* freezer */ = {isa = PBXFileReference; includeInIndex = 0; lastKnownFileType = "compiled.mach-o.executable"; path = freezer; sourceTree = BUILT_PRODUCTS_DIR; };
		9C31F2BE1D7C605D006021B5 /* freezer.h */ = {isa = PBXFileReference; fileEncoding = 4; lastKnownFileType = sourcecode.c.h; path = freezer.h; sourceTree = "<group>"; };
		9CB3D4741D708C050045D8B5 /* I2CUserClient.h */ = {isa = PBXFileReference; fileEncoding = 4; lastKnownFileType = sourcecode.c.h; path = I2CUserClient.h; sourceTree = "<group>"; };
		9CB3D47E1D708C520045D8B5 /* IOKit.framework */ = {isa = PBXFileReference; lastKnownFileType = wrapper.framework; name = IOKit.framework; path = /System/Library/Frameworks/IOKit.framework; sourceTree = "<absolute>"; };
		9CCD8B021D743CE6001328D7 /* IOI2C.c */ = {isa = PBXFileReference; fileEncoding = 4; lastKnownFileType = sourcecode.c.c; path = IOI2C.c; sourceTree = "<group>"; };
		9CCD8B031D743CE6001328D7 /* IOI2C.h */ = {isa = PBXFileReference; fileEncoding = 4; lastKnownFileType = sourcecode.c.h; path = IOI2C.h; sourceTree = "<group>"; };
		9CCD8B721D7442C1001328D7 /* IOI2CDefs.h */ = {isa = PBXFileReference; fileEncoding = 4; lastKnownFileType = sourcecode.c.h; path = IOI2CDefs.h; sourceTree = "<group>"; };
		9CF60E911D73C7870066AAAB /* ADT746x.h */ = {isa = PBXFileReference; fileEncoding = 4; lastKnownFileType = sourcecode.c.h; path = ADT746x.h; sourceTree = "<group>"; };
		C6859E970290921104C91782 /* freezer.1 */ = {isa = PBXFileReference; lastKnownFileType = text.man; path = freezer.1; sourceTree = "<group>"; };
/* End PBXFileReference section */

/* Begin PBXFrameworksBuildPhase section */
		8DD76F780486A8DE00D96B5E /* Frameworks */ = {
			isa = PBXFrameworksBuildPhase;
			buildActionMask = 2147483647;
			files = (
				8DD76F790486A8DE00D96B5E /* CoreFoundation.framework in Frameworks */,
				9CB3D47F1D708C520045D8B5 /* IOKit.framework in Frameworks */,
			);
			runOnlyForDeploymentPostprocessing = 0;
		};
/* End PBXFrameworksBuildPhase section */

/* Begin PBXGroup section */
		08FB7794FE84155DC02AAC07 /* freezer */ = {
			isa = PBXGroup;
			children = (
				08FB7795FE84155DC02AAC07 /* Source */,
				C6859E96029091FE04C91782 /* Documentation */,
				08FB779DFE84155DC02AAC07 /* External Frameworks and Libraries */,
				19C28FBDFE9D53C911CA2CBB /* Products */,
			);
			name = freezer;
			sourceTree = "<group>";
		};
		08FB7795FE84155DC02AAC07 /* Source */ = {
			isa = PBXGroup;
			children = (
				9C31F2BE1D7C605D006021B5 /* freezer.h */,
				9CCD8B721D7442C1001328D7 /* IOI2CDefs.h */,
				9CCD8B021D743CE6001328D7 /* IOI2C.c */,
				9CCD8B031D743CE6001328D7 /* IOI2C.h */,
				9CF60E911D73C7870066AAAB /* ADT746x.h */,
				9CB3D4741D708C050045D8B5 /* I2CUserClient.h */,
				08FB7796FE84155DC02AAC07 /* main.c */,
			);
			name = Source;
			sourceTree = "<group>";
		};
		08FB779DFE84155DC02AAC07 /* External Frameworks and Libraries */ = {
			isa = PBXGroup;
			children = (
				9CB3D47E1D708C520045D8B5 /* IOKit.framework */,
				09AB6884FE841BABC02AAC07 /* CoreFoundation.framework */,
			);
			name = "External Frameworks and Libraries";
			sourceTree = "<group>";
		};
		19C28FBDFE9D53C911CA2CBB /* Products */ = {
			isa = PBXGroup;
			children = (
				8DD76F7E0486A8DE00D96B5E /* freezer */,
			);
			name = Products;
			sourceTree = "<group>";
		};
		C6859E96029091FE04C91782 /* Documentation */ = {
			isa = PBXGroup;
			children = (
				C6859E970290921104C91782 /* freezer.1 */,
			);
			name = Documentation;
			sourceTree = "<group>";
		};
/* End PBXGroup section */

/* Begin PBXNativeTarget section */
		8DD76F740486A8DE00D96B5E /* freezer */ = {
			isa = PBXNativeTarget;
			buildConfigurationList = 1DEB924708733DCA0010E9CD /* Build configuration list for PBXNativeTarget "freezer" */;
			buildPhases = (
				8DD76F760486A8DE00D96B5E /* Sources */,
				8DD76F780486A8DE00D96B5E /* Frameworks */,
				8DD76F7B0486A8DE00D96B5E /* CopyFiles */,
			);
			buildRules = (
			);
			dependencies = (
			);
			name = freezer;
			productInstallPath = "$(HOME)/bin";
			productName = freezer;
			productReference = 8DD76F7E0486A8DE00D96B5E /* freezer */;
			productType = "com.apple.product-type.tool";
		};
/* End PBXNativeTarget section */

/* Begin PBXProject section */
		08FB7793FE84155DC02AAC07 /* Project object */ = {
			isa = PBXProject;
			buildConfigurationList = 1DEB924B08733DCA0010E9CD /* Build configuration list for PBXProject "freezer" */;
			hasScannedForEncodings = 1;
			mainGroup = 08FB7794FE84155DC02AAC07 /* freezer */;
			projectDirPath = "";
			targets = (
				8DD76F740486A8DE00D96B5E /* freezer */,
			);
		};
/* End PBXProject section */

/* Begin PBXSourcesBuildPhase section */
		8DD76F760486A8DE00D96B5E /* Sources */ = {
			isa = PBXSourcesBuildPhase;
			buildActionMask = 2147483647;
			files = (
				8DD76F770486A8DE00D96B5E /* main.c in Sources */,
				9CCD8B041D743CE6001328D7 /* IOI2C.c in Sources */,
			);
			runOnlyForDeploymentPostprocessing = 0;
		};
/* End PBXSourcesBuildPhase section */

/* Begin XCBuildConfiguration section */
		1DEB924808733DCA0010E9CD /* Debug */ = {
			isa = XCBuildConfiguration;
			buildSettings = {
				COPY_PHASE_STRIP = NO;
				GCC_DYNAMIC_NO_PIC = NO;
				GCC_ENABLE_FIX_AND_CONTINUE = YES;
				GCC_MODEL_TUNING = G5;
				GCC_OPTIMIZATION_LEVEL = 0;
				INSTALL_PATH = "$(HOME)/bin";
				PRODUCT_NAME = freezer;
				ZERO_LINK = YES;
			};
			name = Debug;
		};
		1DEB924908733DCA0010E9CD /* Release */ = {
			isa = XCBuildConfiguration;
			buildSettings = {
				ARCHS = (
					ppc,
					i386,
				);
				GCC_GENERATE_DEBUGGING_SYMBOLS = NO;
				GCC_MODEL_TUNING = G5;
				INSTALL_PATH = "$(HOME)/bin";
				PRODUCT_NAME = freezer;
			};
			name = Release;
		};
		1DEB924C08733DCA0010E9CD /* Debug */ = {
			isa = XCBuildConfiguration;
			buildSettings = {
				GCC_WARN_ABOUT_RETURN_TYPE = YES;
				GCC_WARN_UNUSED_VARIABLE = YES;
				PREBINDING = NO;
				SDKROOT = /Developer/SDKs/MacOSX10.4u.sdk;
			};
			name = Debug;
		};
		1DEB924D08733DCA0010E9CD /* Release */ = {
			isa = XCBuildConfiguration;
			buildSettings = {
				GCC_WARN_ABOUT_RETURN_TYPE = YES;
				GCC_WARN_UNUSED_VARIABLE = YES;
				PREBINDING = NO;
				SDKROOT = /Developer/SDKs/MacOSX10.4u.sdk;
			};
			name = Release;
		};
/* End XCBuildConfiguration section */

/* Begin XCConfigurationList section */
		1DEB924708733DCA0010E9CD /* Build configuration list for PBXNativeTarget "freezer" */ = {
			isa = XCConfigurationList;
			buildConfigurations = (
				1DEB924808733DCA0010E9CD /* Debug */,
				1DEB924908733DCA0010E9CD /* Release */,
			);
			defaultConfigurationIsVisible = 0;
			defaultConfigurationName = Release;
		};
		1DEB924B08733DCA0010E9CD /* Build configuration list for PBXProject "freezer" */ = {
			isa = XCConfigurationList;
			buildConfigurations = (
				1DEB924C08733DCA0010E9CD /* Debug */,
				1DEB924D08733DCA0010E9CD /* Release */,
			);
			defaultConfigurationIsVisible = 0;
			defaultConfigurationName = Release;
		};
/* End XCConfigurationList section */
	};
	rootObject = 08FB7793FE84155DC02AAC07 /* Project object */;
}
